// !$*UTF8*$!
{
	archiveVersion = 1;
	classes = {
	};
	objectVersion = 46;
	objects = {

/* Begin PBXBuildFile section */
		076C9DFA1EF423F60090F2B9 /* AppDelegate.swift in Sources */ = {isa = PBXBuildFile; fileRef = 076C9DF91EF423F60090F2B9 /* AppDelegate.swift */; };
		076C9DFC1EF423F60090F2B9 /* ViewController.swift in Sources */ = {isa = PBXBuildFile; fileRef = 076C9DFB1EF423F60090F2B9 /* ViewController.swift */; };
		076C9E011EF423F60090F2B9 /* Assets.xcassets in Resources */ = {isa = PBXBuildFile; fileRef = 076C9E001EF423F60090F2B9 /* Assets.xcassets */; };
		076C9E041EF423F60090F2B9 /* LaunchScreen.storyboard in Resources */ = {isa = PBXBuildFile; fileRef = 076C9E021EF423F60090F2B9 /* LaunchScreen.storyboard */; };
		076C9E0C1EF429730090F2B9 /* HeaderView.swift in Sources */ = {isa = PBXBuildFile; fileRef = 076C9E0B1EF429730090F2B9 /* HeaderView.swift */; };
		A95E5D6433E765558D8EE4A3 /* Pods_AppiumTest.framework in Frameworks */ = {isa = PBXBuildFile; fileRef = 30F695DDFADDD3E7BE971642 /* Pods_AppiumTest.framework */; };
/* End PBXBuildFile section */

/* Begin PBXFileReference section */
		076C9DF61EF423F60090F2B9 /* AppiumTest.app */ = {isa = PBXFileReference; explicitFileType = wrapper.application; includeInIndex = 0; path = AppiumTest.app; sourceTree = BUILT_PRODUCTS_DIR; };
		076C9DF91EF423F60090F2B9 /* AppDelegate.swift */ = {isa = PBXFileReference; lastKnownFileType = sourcecode.swift; path = AppDelegate.swift; sourceTree = "<group>"; };
		076C9DFB1EF423F60090F2B9 /* ViewController.swift */ = {isa = PBXFileReference; lastKnownFileType = sourcecode.swift; path = ViewController.swift; sourceTree = "<group>"; };
		076C9E001EF423F60090F2B9 /* Assets.xcassets */ = {isa = PBXFileReference; lastKnownFileType = folder.assetcatalog; path = Assets.xcassets; sourceTree = "<group>"; };
		076C9E031EF423F60090F2B9 /* Base */ = {isa = PBXFileReference; lastKnownFileType = file.storyboard; name = Base; path = Base.lproj/LaunchScreen.storyboard; sourceTree = "<group>"; };
		076C9E051EF423F60090F2B9 /* Info.plist */ = {isa = PBXFileReference; lastKnownFileType = text.plist.xml; path = Info.plist; sourceTree = "<group>"; };
		076C9E0B1EF429730090F2B9 /* HeaderView.swift */ = {isa = PBXFileReference; fileEncoding = 4; lastKnownFileType = sourcecode.swift; path = HeaderView.swift; sourceTree = "<group>"; };
		1657F26D4336C1DCA27B7FB1 /* Pods-AppiumTest.debug.xcconfig */ = {isa = PBXFileReference; includeInIndex = 1; lastKnownFileType = text.xcconfig; name = "Pods-AppiumTest.debug.xcconfig"; path = "Pods/Target Support Files/Pods-AppiumTest/Pods-AppiumTest.debug.xcconfig"; sourceTree = "<group>"; };
		2E49D5C27FD3BC63EC6B9B7E /* Pods-AppiumTest.release.xcconfig */ = {isa = PBXFileReference; includeInIndex = 1; lastKnownFileType = text.xcconfig; name = "Pods-AppiumTest.release.xcconfig"; path = "Pods/Target Support Files/Pods-AppiumTest/Pods-AppiumTest.release.xcconfig"; sourceTree = "<group>"; };
		30F695DDFADDD3E7BE971642 /* Pods_AppiumTest.framework */ = {isa = PBXFileReference; explicitFileType = wrapper.framework; includeInIndex = 0; path = Pods_AppiumTest.framework; sourceTree = BUILT_PRODUCTS_DIR; };
/* End PBXFileReference section */

/* Begin PBXFrameworksBuildPhase section */
		076C9DF31EF423F60090F2B9 /* Frameworks */ = {
			isa = PBXFrameworksBuildPhase;
			buildActionMask = 2147483647;
			files = (
				A95E5D6433E765558D8EE4A3 /* Pods_AppiumTest.framework in Frameworks */,
			);
			runOnlyForDeploymentPostprocessing = 0;
		};
/* End PBXFrameworksBuildPhase section */

/* Begin PBXGroup section */
		076C9DED1EF423F60090F2B9 = {
			isa = PBXGroup;
			children = (
				076C9DF81EF423F60090F2B9 /* AppiumTest */,
				076C9DF71EF423F60090F2B9 /* Products */,
				76267CC367D73D95FB8B1E9A /* Pods */,
				9BB41F16E786FE2082106B62 /* Frameworks */,
			);
			sourceTree = "<group>";
		};
		076C9DF71EF423F60090F2B9 /* Products */ = {
			isa = PBXGroup;
			children = (
				076C9DF61EF423F60090F2B9 /* AppiumTest.app */,
			);
			name = Products;
			sourceTree = "<group>";
		};
		076C9DF81EF423F60090F2B9 /* AppiumTest */ = {
			isa = PBXGroup;
			children = (
				076C9DF91EF423F60090F2B9 /* AppDelegate.swift */,
				076C9DFB1EF423F60090F2B9 /* ViewController.swift */,
				076C9E0B1EF429730090F2B9 /* HeaderView.swift */,
				076C9E001EF423F60090F2B9 /* Assets.xcassets */,
				076C9E021EF423F60090F2B9 /* LaunchScreen.storyboard */,
				076C9E051EF423F60090F2B9 /* Info.plist */,
			);
			path = AppiumTest;
			sourceTree = "<group>";
		};
		76267CC367D73D95FB8B1E9A /* Pods */ = {
			isa = PBXGroup;
			children = (
				1657F26D4336C1DCA27B7FB1 /* Pods-AppiumTest.debug.xcconfig */,
				2E49D5C27FD3BC63EC6B9B7E /* Pods-AppiumTest.release.xcconfig */,
			);
			name = Pods;
			sourceTree = "<group>";
		};
		9BB41F16E786FE2082106B62 /* Frameworks */ = {
			isa = PBXGroup;
			children = (
				30F695DDFADDD3E7BE971642 /* Pods_AppiumTest.framework */,
			);
			name = Frameworks;
			sourceTree = "<group>";
		};
/* End PBXGroup section */

/* Begin PBXNativeTarget section */
		076C9DF51EF423F60090F2B9 /* AppiumTest */ = {
			isa = PBXNativeTarget;
			buildConfigurationList = 076C9E081EF423F60090F2B9 /* Build configuration list for PBXNativeTarget "AppiumTest" */;
			buildPhases = (
				7FD9C764FF1053D8EF885D02 /* [CP] Check Pods Manifest.lock */,
				076C9DF21EF423F60090F2B9 /* Sources */,
				076C9DF31EF423F60090F2B9 /* Frameworks */,
				076C9DF41EF423F60090F2B9 /* Resources */,
				0572CBA4BE82E58149CBDE34 /* [CP] Embed Pods Frameworks */,
				20F4976B9695E6A8CE85D4A0 /* [CP] Copy Pods Resources */,
			);
			buildRules = (
			);
			dependencies = (
			);
			name = AppiumTest;
			productName = AppiumTest;
			productReference = 076C9DF61EF423F60090F2B9 /* AppiumTest.app */;
			productType = "com.apple.product-type.application";
		};
/* End PBXNativeTarget section */

/* Begin PBXProject section */
		076C9DEE1EF423F60090F2B9 /* Project object */ = {
			isa = PBXProject;
			attributes = {
				LastSwiftUpdateCheck = 0830;
				LastUpgradeCheck = 0830;
				ORGANIZATIONNAME = "Tom Irving";
				TargetAttributes = {
					076C9DF51EF423F60090F2B9 = {
						CreatedOnToolsVersion = 8.3.2;
						DevelopmentTeam = ZFY9752EV2;
						ProvisioningStyle = Automatic;
					};
				};
			};
			buildConfigurationList = 076C9DF11EF423F60090F2B9 /* Build configuration list for PBXProject "AppiumTest" */;
			compatibilityVersion = "Xcode 3.2";
			developmentRegion = English;
			hasScannedForEncodings = 0;
			knownRegions = (
				en,
				Base,
			);
			mainGroup = 076C9DED1EF423F60090F2B9;
			productRefGroup = 076C9DF71EF423F60090F2B9 /* Products */;
			projectDirPath = "";
			projectRoot = "";
			targets = (
				076C9DF51EF423F60090F2B9 /* AppiumTest */,
			);
		};
/* End PBXProject section */

/* Begin PBXResourcesBuildPhase section */
		076C9DF41EF423F60090F2B9 /* Resources */ = {
			isa = PBXResourcesBuildPhase;
			buildActionMask = 2147483647;
			files = (
				076C9E041EF423F60090F2B9 /* LaunchScreen.storyboard in Resources */,
				076C9E011EF423F60090F2B9 /* Assets.xcassets in Resources */,
			);
			runOnlyForDeploymentPostprocessing = 0;
		};
/* End PBXResourcesBuildPhase section */

/* Begin PBXShellScriptBuildPhase section */
		0572CBA4BE82E58149CBDE34 /* [CP] Embed Pods Frameworks */ = {
			isa = PBXShellScriptBuildPhase;
			buildActionMask = 2147483647;
			files = (
			);
			inputPaths = (
			);
			name = "[CP] Embed Pods Frameworks";
			outputPaths = (
			);
			runOnlyForDeploymentPostprocessing = 0;
			shellPath = /bin/sh;
			shellScript = "\"${SRCROOT}/Pods/Target Support Files/Pods-AppiumTest/Pods-AppiumTest-frameworks.sh\"\n";
			showEnvVarsInLog = 0;
		};
		20F4976B9695E6A8CE85D4A0 /* [CP] Copy Pods Resources */ = {
			isa = PBXShellScriptBuildPhase;
			buildActionMask = 2147483647;
			files = (
			);
			inputPaths = (
			);
			name = "[CP] Copy Pods Resources";
			outputPaths = (
			);
			runOnlyForDeploymentPostprocessing = 0;
			shellPath = /bin/sh;
			shellScript = "\"${SRCROOT}/Pods/Target Support Files/Pods-AppiumTest/Pods-AppiumTest-resources.sh\"\n";
			showEnvVarsInLog = 0;
		};
		7FD9C764FF1053D8EF885D02 /* [CP] Check Pods Manifest.lock */ = {
			isa = PBXShellScriptBuildPhase;
			buildActionMask = 2147483647;
			files = (
			);
			inputPaths = (
			);
			name = "[CP] Check Pods Manifest.lock";
			outputPaths = (
			);
			runOnlyForDeploymentPostprocessing = 0;
			shellPath = /bin/sh;
			shellScript = "diff \"${PODS_PODFILE_DIR_PATH}/Podfile.lock\" \"${PODS_ROOT}/Manifest.lock\" > /dev/null\nif [ $? != 0 ] ; then\n    # print error to STDERR\n    echo \"error: The sandbox is not in sync with the Podfile.lock. Run 'pod install' or update your CocoaPods installation.\" >&2\n    exit 1\nfi\n";
			showEnvVarsInLog = 0;
		};
/* End PBXShellScriptBuildPhase section */

/* Begin PBXSourcesBuildPhase section */
		076C9DF21EF423F60090F2B9 /* Sources */ = {
			isa = PBXSourcesBuildPhase;
			buildActionMask = 2147483647;
			files = (
				076C9DFC1EF423F60090F2B9 /* ViewController.swift in Sources */,
				076C9E0C1EF429730090F2B9 /* HeaderView.swift in Sources */,
				076C9DFA1EF423F60090F2B9 /* AppDelegate.swift in Sources */,
			);
			runOnlyForDeploymentPostprocessing = 0;
		};
/* End PBXSourcesBuildPhase section */

/* Begin PBXVariantGroup section */
		076C9E021EF423F60090F2B9 /* LaunchScreen.storyboard */ = {
			isa = PBXVariantGroup;
			children = (
				076C9E031EF423F60090F2B9 /* Base */,
			);
			name = LaunchScreen.storyboard;
			sourceTree = "<group>";
		};
/* End PBXVariantGroup section */

/* Begin XCBuildConfiguration section */
		076C9E061EF423F60090F2B9 /* Debug */ = {
			isa = XCBuildConfiguration;
			buildSettings = {
				ALWAYS_SEARCH_USER_PATHS = NO;
				CLANG_ANALYZER_NONNULL = YES;
				CLANG_ANALYZER_NUMBER_OBJECT_CONVERSION = YES_AGGRESSIVE;
				CLANG_CXX_LANGUAGE_STANDARD = "gnu++0x";
				CLANG_CXX_LIBRARY = "libc++";
				CLANG_ENABLE_MODULES = YES;
				CLANG_ENABLE_OBJC_ARC = YES;
				CLANG_WARN_BOOL_CONVERSION = YES;
				CLANG_WARN_CONSTANT_CONVERSION = YES;
				CLANG_WARN_DIRECT_OBJC_ISA_USAGE = YES_ERROR;
				CLANG_WARN_DOCUMENTATION_COMMENTS = YES;
				CLANG_WARN_EMPTY_BODY = YES;
				CLANG_WARN_ENUM_CONVERSION = YES;
				CLANG_WARN_INFINITE_RECURSION = YES;
				CLANG_WARN_INT_CONVERSION = YES;
				CLANG_WARN_OBJC_ROOT_CLASS = YES_ERROR;
				CLANG_WARN_SUSPICIOUS_MOVE = YES;
				CLANG_WARN_UNREACHABLE_CODE = YES;
				CLANG_WARN__DUPLICATE_METHOD_MATCH = YES;
				"CODE_SIGN_IDENTITY[sdk=iphoneos*]" = "iPhone Developer";
				COPY_PHASE_STRIP = NO;
				DEBUG_INFORMATION_FORMAT = dwarf;
				ENABLE_STRICT_OBJC_MSGSEND = YES;
				ENABLE_TESTABILITY = YES;
				GCC_C_LANGUAGE_STANDARD = gnu99;
				GCC_DYNAMIC_NO_PIC = NO;
				GCC_NO_COMMON_BLOCKS = YES;
				GCC_OPTIMIZATION_LEVEL = 0;
				GCC_PREPROCESSOR_DEFINITIONS = (
					"DEBUG=1",
					"$(inherited)",
				);
				GCC_WARN_64_TO_32_BIT_CONVERSION = YES;
				GCC_WARN_ABOUT_RETURN_TYPE = YES_ERROR;
				GCC_WARN_UNDECLARED_SELECTOR = YES;
				GCC_WARN_UNINITIALIZED_AUTOS = YES_AGGRESSIVE;
				GCC_WARN_UNUSED_FUNCTION = YES;
				GCC_WARN_UNUSED_VARIABLE = YES;
				IPHONEOS_DEPLOYMENT_TARGET = 10.3;
				MTL_ENABLE_DEBUG_INFO = YES;
				ONLY_ACTIVE_ARCH = YES;
				SDKROOT = iphoneos;
				SWIFT_ACTIVE_COMPILATION_CONDITIONS = DEBUG;
				SWIFT_OPTIMIZATION_LEVEL = "-Onone";
				TARGETED_DEVICE_FAMILY = "1,2";
			};
			name = Debug;
		};
		076C9E071EF423F60090F2B9 /* Release */ = {
			isa = XCBuildConfiguration;
			buildSettings = {
				ALWAYS_SEARCH_USER_PATHS = NO;
				CLANG_ANALYZER_NONNULL = YES;
				CLANG_ANALYZER_NUMBER_OBJECT_CONVERSION = YES_AGGRESSIVE;
				CLANG_CXX_LANGUAGE_STANDARD = "gnu++0x";
				CLANG_CXX_LIBRARY = "libc++";
				CLANG_ENABLE_MODULES = YES;
				CLANG_ENABLE_OBJC_ARC = YES;
				CLANG_WARN_BOOL_CONVERSION = YES;
				CLANG_WARN_CONSTANT_CONVERSION = YES;
				CLANG_WARN_DIRECT_OBJC_ISA_USAGE = YES_ERROR;
				CLANG_WARN_DOCUMENTATION_COMMENTS = YES;
				CLANG_WARN_EMPTY_BODY = YES;
				CLANG_WARN_ENUM_CONVERSION = YES;
				CLANG_WARN_INFINITE_RECURSION = YES;
				CLANG_WARN_INT_CONVERSION = YES;
				CLANG_WARN_OBJC_ROOT_CLASS = YES_ERROR;
				CLANG_WARN_SUSPICIOUS_MOVE = YES;
				CLANG_WARN_UNREACHABLE_CODE = YES;
				CLANG_WARN__DUPLICATE_METHOD_MATCH = YES;
				"CODE_SIGN_IDENTITY[sdk=iphoneos*]" = "iPhone Developer";
				COPY_PHASE_STRIP = NO;
				DEBUG_INFORMATION_FORMAT = "dwarf-with-dsym";
				ENABLE_NS_ASSERTIONS = NO;
				ENABLE_STRICT_OBJC_MSGSEND = YES;
				GCC_C_LANGUAGE_STANDARD = gnu99;
				GCC_NO_COMMON_BLOCKS = YES;
				GCC_WARN_64_TO_32_BIT_CONVERSION = YES;
				GCC_WARN_ABOUT_RETURN_TYPE = YES_ERROR;
				GCC_WARN_UNDECLARED_SELECTOR = YES;
				GCC_WARN_UNINITIALIZED_AUTOS = YES_AGGRESSIVE;
				GCC_WARN_UNUSED_FUNCTION = YES;
				GCC_WARN_UNUSED_VARIABLE = YES;
				IPHONEOS_DEPLOYMENT_TARGET = 10.3;
				MTL_ENABLE_DEBUG_INFO = NO;
				SDKROOT = iphoneos;
				SWIFT_OPTIMIZATION_LEVEL = "-Owholemodule";
				TARGETED_DEVICE_FAMILY = "1,2";
				VALIDATE_PRODUCT = YES;
			};
			name = Release;
		};
		076C9E091EF423F60090F2B9 /* Debug */ = {
			isa = XCBuildConfiguration;
			baseConfigurationReference = 1657F26D4336C1DCA27B7FB1 /* Pods-AppiumTest.debug.xcconfig */;
			buildSettings = {
				ASSETCATALOG_COMPILER_APPICON_NAME = AppIcon;
				DEVELOPMENT_TEAM = ZFY9752EV2;
				INFOPLIST_FILE = AppiumTest/Info.plist;
				LD_RUNPATH_SEARCH_PATHS = "$(inherited) @executable_path/Frameworks";
				PRODUCT_BUNDLE_IDENTIFIER = com.tomirving.AppiumTest;
				PRODUCT_NAME = "$(TARGET_NAME)";
				SWIFT_VERSION = 3.0;
			};
			name = Debug;
		};
		076C9E0A1EF423F60090F2B9 /* Release */ = {
			isa = XCBuildConfiguration;
			baseConfigurationReference = 2E49D5C27FD3BC63EC6B9B7E /* Pods-AppiumTest.release.xcconfig */;
			buildSettings = {
				ASSETCATALOG_COMPILER_APPICON_NAME = AppIcon;
				DEVELOPMENT_TEAM = ZFY9752EV2;
				INFOPLIST_FILE = AppiumTest/Info.plist;
				LD_RUNPATH_SEARCH_PATHS = "$(inherited) @executable_path/Frameworks";
				PRODUCT_BUNDLE_IDENTIFIER = com.tomirving.AppiumTest;
				PRODUCT_NAME = "$(TARGET_NAME)";
				SWIFT_VERSION = 3.0;
			};
			name = Release;
		};
/* End XCBuildConfiguration section */

/* Begin XCConfigurationList section */
		076C9DF11EF423F60090F2B9 /* Build configuration list for PBXProject "AppiumTest" */ = {
			isa = XCConfigurationList;
			buildConfigurations = (
				076C9E061EF423F60090F2B9 /* Debug */,
				076C9E071EF423F60090F2B9 /* Release */,
			);
			defaultConfigurationIsVisible = 0;
			defaultConfigurationName = Release;
		};
		076C9E081EF423F60090F2B9 /* Build configuration list for PBXNativeTarget "AppiumTest" */ = {
			isa = XCConfigurationList;
			buildConfigurations = (
				076C9E091EF423F60090F2B9 /* Debug */,
				076C9E0A1EF423F60090F2B9 /* Release */,
			);
			defaultConfigurationIsVisible = 0;
			defaultConfigurationName = Release;
		};
/* End XCConfigurationList section */
	};
	rootObject = 076C9DEE1EF423F60090F2B9 /* Project object */;
}
